
Microsoft Visual Studio Solution File, Format Version 12.00
# Visual Studio Version 17
VisualStudioVersion = 17.4.33213.308
MinimumVisualStudioVersion = 10.0.40219.1
Project("{FAE04EC0-301F-11D3-BF4B-00C04F79EFBC}") = "WebApp", "WebApp\WebApp.csproj", "{FD861EB2-DCA8-49CE-9EC8-5CAEBBDA9253}"
EndProject
Global
	GlobalSection(SolutionConfigurationPlatforms) = preSolution
		Debug|Any CPU = Debug|Any CPU
		Release|Any CPU = Release|Any CPU
	EndGlobalSection
	GlobalSection(ProjectConfigurationPlatforms) = postSolution
		{FD861EB2-DCA8-49CE-9EC8-5CAEBBDA9253}.Debug|Any CPU.ActiveCfg = Debug|Any CPU
		{FD861EB2-DCA8-49CE-9EC8-5CAEBBDA9253}.Debug|Any CPU.Build.0 = Debug|Any CPU
		{FD861EB2-DCA8-49CE-9EC8-5CAEBBDA9253}.Release|Any CPU.ActiveCfg = Release|Any CPU
		{FD861EB2-DCA8-49CE-9EC8-5CAEBBDA9253}.Release|Any CPU.Build.0 = Release|Any CPU
	EndGlobalSection
	GlobalSection(SolutionProperties) = preSolution
		HideSolutionNode = FALSE
	EndGlobalSection
	GlobalSection(ExtensibilityGlobals) = postSolution
		SolutionGuid = {4C6CEDD2-9548-4166-8238-4EAB2D4885CB}
	EndGlobalSection
EndGlobal
